// !$*UTF8*$!
{
	archiveVersion = 1;
	classes = {
	};
	objectVersion = 50;
	objects = {

/* Begin PBXBuildFile section */
		4E234F4422C1133B00311CFD /* AppDelegate.swift in Sources */ = {isa = PBXBuildFile; fileRef = 4E234F4322C1133B00311CFD /* AppDelegate.swift */; };
		4E234F4622C1133B00311CFD /* DocumentBrowserViewController.swift in Sources */ = {isa = PBXBuildFile; fileRef = 4E234F4522C1133B00311CFD /* DocumentBrowserViewController.swift */; };
		4E234F4822C1133B00311CFD /* DocumentViewController.swift in Sources */ = {isa = PBXBuildFile; fileRef = 4E234F4722C1133B00311CFD /* DocumentViewController.swift */; };
		4E234F4A22C1133B00311CFD /* ColorDocument.swift in Sources */ = {isa = PBXBuildFile; fileRef = 4E234F4922C1133B00311CFD /* ColorDocument.swift */; };
		4E234F4D22C1133B00311CFD /* Main.storyboard in Resources */ = {isa = PBXBuildFile; fileRef = 4E234F4B22C1133B00311CFD /* Main.storyboard */; };
		4E234F4F22C1134300311CFD /* Assets.xcassets in Resources */ = {isa = PBXBuildFile; fileRef = 4E234F4E22C1134300311CFD /* Assets.xcassets */; };
		4E234F5222C1134300311CFD /* LaunchScreen.storyboard in Resources */ = {isa = PBXBuildFile; fileRef = 4E234F5022C1134300311CFD /* LaunchScreen.storyboard */; };
		4E234F5A22C162D800311CFD /* ColorFile.color in Resources */ = {isa = PBXBuildFile; fileRef = 4E234F5922C162D800311CFD /* ColorFile.color */; };
		4E234F5C22C181BB00311CFD /* ColorModel.swift in Sources */ = {isa = PBXBuildFile; fileRef = 4E234F5B22C181BB00311CFD /* ColorModel.swift */; };
		4E234F6022C1E18A00311CFD /* ColorViewController.swift in Sources */ = {isa = PBXBuildFile; fileRef = 4E234F5F22C1E18A00311CFD /* ColorViewController.swift */; };
/* End PBXBuildFile section */

/* Begin PBXFileReference section */
		4E234F4022C1133B00311CFD /* documentbasedapp01.app */ = {isa = PBXFileReference; explicitFileType = wrapper.application; includeInIndex = 0; path = documentbasedapp01.app; sourceTree = BUILT_PRODUCTS_DIR; };
		4E234F4322C1133B00311CFD /* AppDelegate.swift */ = {isa = PBXFileReference; lastKnownFileType = sourcecode.swift; path = AppDelegate.swift; sourceTree = "<group>"; };
		4E234F4522C1133B00311CFD /* DocumentBrowserViewController.swift */ = {isa = PBXFileReference; lastKnownFileType = sourcecode.swift; path = DocumentBrowserViewController.swift; sourceTree = "<group>"; };
		4E234F4722C1133B00311CFD /* DocumentViewController.swift */ = {isa = PBXFileReference; lastKnownFileType = sourcecode.swift; path = DocumentViewController.swift; sourceTree = "<group>"; };
		4E234F4922C1133B00311CFD /* ColorDocument.swift */ = {isa = PBXFileReference; lastKnownFileType = sourcecode.swift; path = ColorDocument.swift; sourceTree = "<group>"; };
		4E234F4C22C1133B00311CFD /* Base */ = {isa = PBXFileReference; lastKnownFileType = file.storyboard; name = Base; path = Base.lproj/Main.storyboard; sourceTree = "<group>"; };
		4E234F4E22C1134300311CFD /* Assets.xcassets */ = {isa = PBXFileReference; lastKnownFileType = folder.assetcatalog; path = Assets.xcassets; sourceTree = "<group>"; };
		4E234F5122C1134300311CFD /* Base */ = {isa = PBXFileReference; lastKnownFileType = file.storyboard; name = Base; path = Base.lproj/LaunchScreen.storyboard; sourceTree = "<group>"; };
		4E234F5322C1134300311CFD /* Info.plist */ = {isa = PBXFileReference; lastKnownFileType = text.plist.xml; path = Info.plist; sourceTree = "<group>"; };
		4E234F5922C162D800311CFD /* ColorFile.color */ = {isa = PBXFileReference; lastKnownFileType = text; path = ColorFile.color; sourceTree = "<group>"; };
		4E234F5B22C181BB00311CFD /* ColorModel.swift */ = {isa = PBXFileReference; lastKnownFileType = sourcecode.swift; path = ColorModel.swift; sourceTree = "<group>"; };
		4E234F5F22C1E18A00311CFD /* ColorViewController.swift */ = {isa = PBXFileReference; lastKnownFileType = sourcecode.swift; path = ColorViewController.swift; sourceTree = "<group>"; };
/* End PBXFileReference section */

/* Begin PBXFrameworksBuildPhase section */
		4E234F3D22C1133B00311CFD /* Frameworks */ = {
			isa = PBXFrameworksBuildPhase;
			buildActionMask = 2147483647;
			files = (
			);
			runOnlyForDeploymentPostprocessing = 0;
		};
/* End PBXFrameworksBuildPhase section */

/* Begin PBXGroup section */
		4E234F3722C1133B00311CFD = {
			isa = PBXGroup;
			children = (
				4E234F4222C1133B00311CFD /* documentbasedapp01 */,
				4E234F4122C1133B00311CFD /* Products */,
			);
			sourceTree = "<group>";
		};
		4E234F4122C1133B00311CFD /* Products */ = {
			isa = PBXGroup;
			children = (
				4E234F4022C1133B00311CFD /* documentbasedapp01.app */,
			);
			name = Products;
			sourceTree = "<group>";
		};
		4E234F4222C1133B00311CFD /* documentbasedapp01 */ = {
			isa = PBXGroup;
			children = (
				4E234F4322C1133B00311CFD /* AppDelegate.swift */,
				4E234F4522C1133B00311CFD /* DocumentBrowserViewController.swift */,
				4E234F4722C1133B00311CFD /* DocumentViewController.swift */,
				4E234F4922C1133B00311CFD /* ColorDocument.swift */,
				4E234F5F22C1E18A00311CFD /* ColorViewController.swift */,
				4E234F4B22C1133B00311CFD /* Main.storyboard */,
				4E234F4E22C1134300311CFD /* Assets.xcassets */,
				4E234F5022C1134300311CFD /* LaunchScreen.storyboard */,
				4E234F5322C1134300311CFD /* Info.plist */,
				4E234F5922C162D800311CFD /* ColorFile.color */,
				4E234F5B22C181BB00311CFD /* ColorModel.swift */,
			);
			path = documentbasedapp01;
			sourceTree = "<group>";
		};
/* End PBXGroup section */

/* Begin PBXNativeTarget section */
		4E234F3F22C1133B00311CFD /* documentbasedapp01 */ = {
			isa = PBXNativeTarget;
			buildConfigurationList = 4E234F5622C1134300311CFD /* Build configuration list for PBXNativeTarget "documentbasedapp01" */;
			buildPhases = (
				4E234F3C22C1133B00311CFD /* Sources */,
				4E234F3D22C1133B00311CFD /* Frameworks */,
				4E234F3E22C1133B00311CFD /* Resources */,
			);
			buildRules = (
			);
			dependencies = (
			);
			name = documentbasedapp01;
			productName = documentbasedapp01;
			productReference = 4E234F4022C1133B00311CFD /* documentbasedapp01.app */;
			productType = "com.apple.product-type.application";
		};
/* End PBXNativeTarget section */

/* Begin PBXProject section */
		4E234F3822C1133B00311CFD /* Project object */ = {
			isa = PBXProject;
			attributes = {
				LastSwiftUpdateCheck = 1010;
				LastUpgradeCheck = 1010;
				ORGANIZATIONNAME = "zephyr yang";
				TargetAttributes = {
					4E234F3F22C1133B00311CFD = {
						CreatedOnToolsVersion = 10.1;
					};
				};
			};
			buildConfigurationList = 4E234F3B22C1133B00311CFD /* Build configuration list for PBXProject "documentbasedapp01" */;
			compatibilityVersion = "Xcode 9.3";
			developmentRegion = en;
			hasScannedForEncodings = 0;
			knownRegions = (
				en,
				Base,
			);
			mainGroup = 4E234F3722C1133B00311CFD;
			productRefGroup = 4E234F4122C1133B00311CFD /* Products */;
			projectDirPath = "";
			projectRoot = "";
			targets = (
				4E234F3F22C1133B00311CFD /* documentbasedapp01 */,
			);
		};
/* End PBXProject section */

/* Begin PBXResourcesBuildPhase section */
		4E234F3E22C1133B00311CFD /* Resources */ = {
			isa = PBXResourcesBuildPhase;
			buildActionMask = 2147483647;
			files = (
				4E234F5222C1134300311CFD /* LaunchScreen.storyboard in Resources */,
				4E234F4F22C1134300311CFD /* Assets.xcassets in Resources */,
				4E234F4D22C1133B00311CFD /* Main.storyboard in Resources */,
				4E234F5A22C162D800311CFD /* ColorFile.color in Resources */,
			);
			runOnlyForDeploymentPostprocessing = 0;
		};
/* End PBXResourcesBuildPhase section */

/* Begin PBXSourcesBuildPhase section */
		4E234F3C22C1133B00311CFD /* Sources */ = {
			isa = PBXSourcesBuildPhase;
			buildActionMask = 2147483647;
			files = (
				4E234F4A22C1133B00311CFD /* ColorDocument.swift in Sources */,
				4E234F4822C1133B00311CFD /* DocumentViewController.swift in Sources */,
				4E234F4622C1133B00311CFD /* DocumentBrowserViewController.swift in Sources */,
				4E234F4422C1133B00311CFD /* AppDelegate.swift in Sources */,
				4E234F6022C1E18A00311CFD /* ColorViewController.swift in Sources */,
				4E234F5C22C181BB00311CFD /* ColorModel.swift in Sources */,
			);
			runOnlyForDeploymentPostprocessing = 0;
		};
/* End PBXSourcesBuildPhase section */

/* Begin PBXVariantGroup section */
		4E234F4B22C1133B00311CFD /* Main.storyboard */ = {
			isa = PBXVariantGroup;
			children = (
				4E234F4C22C1133B00311CFD /* Base */,
			);
			name = Main.storyboard;
			sourceTree = "<group>";
		};
		4E234F5022C1134300311CFD /* LaunchScreen.storyboard */ = {
			isa = PBXVariantGroup;
			children = (
				4E234F5122C1134300311CFD /* Base */,
			);
			name = LaunchScreen.storyboard;
			sourceTree = "<group>";
		};
/* End PBXVariantGroup section */

/* Begin XCBuildConfiguration section */
		4E234F5422C1134300311CFD /* Debug */ = {
			isa = XCBuildConfiguration;
			buildSettings = {
				ALWAYS_SEARCH_USER_PATHS = NO;
				CLANG_ANALYZER_NONNULL = YES;
				CLANG_ANALYZER_NUMBER_OBJECT_CONVERSION = YES_AGGRESSIVE;
				CLANG_CXX_LANGUAGE_STANDARD = "gnu++14";
				CLANG_CXX_LIBRARY = "libc++";
				CLANG_ENABLE_MODULES = YES;
				CLANG_ENABLE_OBJC_ARC = YES;
				CLANG_ENABLE_OBJC_WEAK = YES;
				CLANG_WARN_BLOCK_CAPTURE_AUTORELEASING = YES;
				CLANG_WARN_BOOL_CONVERSION = YES;
				CLANG_WARN_COMMA = YES;
				CLANG_WARN_CONSTANT_CONVERSION = YES;
				CLANG_WARN_DEPRECATED_OBJC_IMPLEMENTATIONS = YES;
				CLANG_WARN_DIRECT_OBJC_ISA_USAGE = YES_ERROR;
				CLANG_WARN_DOCUMENTATION_COMMENTS = YES;
				CLANG_WARN_EMPTY_BODY = YES;
				CLANG_WARN_ENUM_CONVERSION = YES;
				CLANG_WARN_INFINITE_RECURSION = YES;
				CLANG_WARN_INT_CONVERSION = YES;
				CLANG_WARN_NON_LITERAL_NULL_CONVERSION = YES;
				CLANG_WARN_OBJC_IMPLICIT_RETAIN_SELF = YES;
				CLANG_WARN_OBJC_LITERAL_CONVERSION = YES;
				CLANG_WARN_OBJC_ROOT_CLASS = YES_ERROR;
				CLANG_WARN_RANGE_LOOP_ANALYSIS = YES;
				CLANG_WARN_STRICT_PROTOTYPES = YES;
				CLANG_WARN_SUSPICIOUS_MOVE = YES;
				CLANG_WARN_UNGUARDED_AVAILABILITY = YES_AGGRESSIVE;
				CLANG_WARN_UNREACHABLE_CODE = YES;
				CLANG_WARN__DUPLICATE_METHOD_MATCH = YES;
				CODE_SIGN_IDENTITY = "iPhone Developer";
				COPY_PHASE_STRIP = NO;
				DEBUG_INFORMATION_FORMAT = dwarf;
				ENABLE_STRICT_OBJC_MSGSEND = YES;
				ENABLE_TESTABILITY = YES;
				GCC_C_LANGUAGE_STANDARD = gnu11;
				GCC_DYNAMIC_NO_PIC = NO;
				GCC_NO_COMMON_BLOCKS = YES;
				GCC_OPTIMIZATION_LEVEL = 0;
				GCC_PREPROCESSOR_DEFINITIONS = (
					"DEBUG=1",
					"$(inherited)",
				);
				GCC_WARN_64_TO_32_BIT_CONVERSION = YES;
				GCC_WARN_ABOUT_RETURN_TYPE = YES_ERROR;
				GCC_WARN_UNDECLARED_SELECTOR = YES;
				GCC_WARN_UNINITIALIZED_AUTOS = YES_AGGRESSIVE;
				GCC_WARN_UNUSED_FUNCTION = YES;
				GCC_WARN_UNUSED_VARIABLE = YES;
				IPHONEOS_DEPLOYMENT_TARGET = 12.1;
				MTL_ENABLE_DEBUG_INFO = INCLUDE_SOURCE;
				MTL_FAST_MATH = YES;
				ONLY_ACTIVE_ARCH = YES;
				SDKROOT = iphoneos;
				SWIFT_ACTIVE_COMPILATION_CONDITIONS = DEBUG;
				SWIFT_OPTIMIZATION_LEVEL = "-Onone";
			};
			name = Debug;
		};
		4E234F5522C1134300311CFD /* Release */ = {
			isa = XCBuildConfiguration;
			buildSettings = {
				ALWAYS_SEARCH_USER_PATHS = NO;
				CLANG_ANALYZER_NONNULL = YES;
				CLANG_ANALYZER_NUMBER_OBJECT_CONVERSION = YES_AGGRESSIVE;
				CLANG_CXX_LANGUAGE_STANDARD = "gnu++14";
				CLANG_CXX_LIBRARY = "libc++";
				CLANG_ENABLE_MODULES = YES;
				CLANG_ENABLE_OBJC_ARC = YES;
				CLANG_ENABLE_OBJC_WEAK = YES;
				CLANG_WARN_BLOCK_CAPTURE_AUTORELEASING = YES;
				CLANG_WARN_BOOL_CONVERSION = YES;
				CLANG_WARN_COMMA = YES;
				CLANG_WARN_CONSTANT_CONVERSION = YES;
				CLANG_WARN_DEPRECATED_OBJC_IMPLEMENTATIONS = YES;
				CLANG_WARN_DIRECT_OBJC_ISA_USAGE = YES_ERROR;
				CLANG_WARN_DOCUMENTATION_COMMENTS = YES;
				CLANG_WARN_EMPTY_BODY = YES;
				CLANG_WARN_ENUM_CONVERSION = YES;
				CLANG_WARN_INFINITE_RECURSION = YES;
				CLANG_WARN_INT_CONVERSION = YES;
				CLANG_WARN_NON_LITERAL_NULL_CONVERSION = YES;
				CLANG_WARN_OBJC_IMPLICIT_RETAIN_SELF = YES;
				CLANG_WARN_OBJC_LITERAL_CONVERSION = YES;
				CLANG_WARN_OBJC_ROOT_CLASS = YES_ERROR;
				CLANG_WARN_RANGE_LOOP_ANALYSIS = YES;
				CLANG_WARN_STRICT_PROTOTYPES = YES;
				CLANG_WARN_SUSPICIOUS_MOVE = YES;
				CLANG_WARN_UNGUARDED_AVAILABILITY = YES_AGGRESSIVE;
				CLANG_WARN_UNREACHABLE_CODE = YES;
				CLANG_WARN__DUPLICATE_METHOD_MATCH = YES;
				CODE_SIGN_IDENTITY = "iPhone Developer";
				COPY_PHASE_STRIP = NO;
				DEBUG_INFORMATION_FORMAT = "dwarf-with-dsym";
				ENABLE_NS_ASSERTIONS = NO;
				ENABLE_STRICT_OBJC_MSGSEND = YES;
				GCC_C_LANGUAGE_STANDARD = gnu11;
				GCC_NO_COMMON_BLOCKS = YES;
				GCC_WARN_64_TO_32_BIT_CONVERSION = YES;
				GCC_WARN_ABOUT_RETURN_TYPE = YES_ERROR;
				GCC_WARN_UNDECLARED_SELECTOR = YES;
				GCC_WARN_UNINITIALIZED_AUTOS = YES_AGGRESSIVE;
				GCC_WARN_UNUSED_FUNCTION = YES;
				GCC_WARN_UNUSED_VARIABLE = YES;
				IPHONEOS_DEPLOYMENT_TARGET = 12.1;
				MTL_ENABLE_DEBUG_INFO = NO;
				MTL_FAST_MATH = YES;
				SDKROOT = iphoneos;
				SWIFT_COMPILATION_MODE = wholemodule;
				SWIFT_OPTIMIZATION_LEVEL = "-O";
				VALIDATE_PRODUCT = YES;
			};
			name = Release;
		};
		4E234F5722C1134300311CFD /* Debug */ = {
			isa = XCBuildConfiguration;
			buildSettings = {
				ASSETCATALOG_COMPILER_APPICON_NAME = AppIcon;
				CODE_SIGN_STYLE = Automatic;
				DEVELOPMENT_TEAM = 7SACPJ6ZF6;
				INFOPLIST_FILE = documentbasedapp01/Info.plist;
				LD_RUNPATH_SEARCH_PATHS = (
					"$(inherited)",
					"@executable_path/Frameworks",
				);
				PRODUCT_BUNDLE_IDENTIFIER = bbry.ctbu.documentbasedapp01;
				PRODUCT_NAME = "$(TARGET_NAME)";
				SWIFT_VERSION = 4.2;
				TARGETED_DEVICE_FAMILY = "1,2";
			};
			name = Debug;
		};
		4E234F5822C1134300311CFD /* Release */ = {
			isa = XCBuildConfiguration;
			buildSettings = {
				ASSETCATALOG_COMPILER_APPICON_NAME = AppIcon;
				CODE_SIGN_STYLE = Automatic;
				DEVELOPMENT_TEAM = 7SACPJ6ZF6;
				INFOPLIST_FILE = documentbasedapp01/Info.plist;
				LD_RUNPATH_SEARCH_PATHS = (
					"$(inherited)",
					"@executable_path/Frameworks",
				);
				PRODUCT_BUNDLE_IDENTIFIER = bbry.ctbu.documentbasedapp01;
				PRODUCT_NAME = "$(TARGET_NAME)";
				SWIFT_VERSION = 4.2;
				TARGETED_DEVICE_FAMILY = "1,2";
			};
			name = Release;
		};
/* End XCBuildConfiguration section */

/* Begin XCConfigurationList section */
		4E234F3B22C1133B00311CFD /* Build configuration list for PBXProject "documentbasedapp01" */ = {
			isa = XCConfigurationList;
			buildConfigurations = (
				4E234F5422C1134300311CFD /* Debug */,
				4E234F5522C1134300311CFD /* Release */,
			);
			defaultConfigurationIsVisible = 0;
			defaultConfigurationName = Release;
		};
		4E234F5622C1134300311CFD /* Build configuration list for PBXNativeTarget "documentbasedapp01" */ = {
			isa = XCConfigurationList;
			buildConfigurations = (
				4E234F5722C1134300311CFD /* Debug */,
				4E234F5822C1134300311CFD /* Release */,
			);
			defaultConfigurationIsVisible = 0;
			defaultConfigurationName = Release;
		};
/* End XCConfigurationList section */
	};
	rootObject = 4E234F3822C1133B00311CFD /* Project object */;
}
